
Microsoft Visual Studio Solution File, Format Version 12.00
# Visual Studio Version 17
VisualStudioVersion = 17.8.34511.84
MinimumVisualStudioVersion = 10.0.40219.1
Project("{FAE04EC0-301F-11D3-BF4B-00C04F79EFBC}") = "SecondProject", "SecondProject.csproj", "{55B745EE-6C70-4F3B-858D-DF1F38F650C3}"
EndProject
Global
	GlobalSection(SolutionConfigurationPlatforms) = preSolution
		Debug|Any CPU = Debug|Any CPU
		Release|Any CPU = Release|Any CPU
	EndGlobalSection
	GlobalSection(ProjectConfigurationPlatforms) = postSolution
		{55B745EE-6C70-4F3B-858D-DF1F38F650C3}.Debug|Any CPU.ActiveCfg = Debug|Any CPU
		{55B745EE-6C70-4F3B-858D-DF1F38F650C3}.Debug|Any CPU.Build.0 = Debug|Any CPU
		{55B745EE-6C70-4F3B-858D-DF1F38F650C3}.Release|Any CPU.ActiveCfg = Release|Any CPU
		{55B745EE-6C70-4F3B-858D-DF1F38F650C3}.Release|Any CPU.Build.0 = Release|Any CPU
	EndGlobalSection
	GlobalSection(SolutionProperties) = preSolution
		HideSolutionNode = FALSE
	EndGlobalSection
	GlobalSection(ExtensibilityGlobals) = postSolution
		SolutionGuid = {1279DE07-933B-43F8-A39C-28C0C9E19D83}
	EndGlobalSection
EndGlobal
